# THIS IS AN AUTOGENERATED FILE. DO NOT EDIT THIS FILE DIRECTLY.
# yarn lockfile v1


ng2-search-filter@^0.5.1:
  version "0.5.1"
  resolved "https://registry.yarnpkg.com/ng2-search-filter/-/ng2-search-filter-0.5.1.tgz#6d5f4e26bd2b2c8c8cc4aad658aabae6a33fb4af"
  integrity sha512-noN8R+Gyxo5ZuboEOvq+u0zKio6pEf1IVYQTCZfAfXm6ONmzWu/M2xK0di9oVUprDbPBQXCGUuvD5i2GD+35HA==
